
Microsoft Visual Studio Solution File, Format Version 12.00
# Visual Studio Version 16
VisualStudioVersion = 16.0.29025.244
MinimumVisualStudioVersion = 10.0.40219.1
Project("{9A19103F-16F7-4668-BE54-9A1E7A4F7556}") = "WpfUI", "WpfUI.csproj", "{51F5C183-5E90-4EB6-AACB-846CC75FDC12}"
EndProject
Project("{9A19103F-16F7-4668-BE54-9A1E7A4F7556}") = "TemplateClassLibrary", "TemplateClassLibrary\TemplateClassLibrary.csproj", "{51454AF7-D1B2-4A4C-9B3C-07F4D1848EA0}"
EndProject
Global
	GlobalSection(SolutionConfigurationPlatforms) = preSolution
		Debug|Any CPU = Debug|Any CPU
		Release|Any CPU = Release|Any CPU
	EndGlobalSection
	GlobalSection(ProjectConfigurationPlatforms) = postSolution
		{51F5C183-5E90-4EB6-AACB-846CC75FDC12}.Debug|Any CPU.ActiveCfg = Debug|Any CPU
		{51F5C183-5E90-4EB6-AACB-846CC75FDC12}.Debug|Any CPU.Build.0 = Debug|Any CPU
		{51F5C183-5E90-4EB6-AACB-846CC75FDC12}.Release|Any CPU.ActiveCfg = Release|Any CPU
		{51F5C183-5E90-4EB6-AACB-846CC75FDC12}.Release|Any CPU.Build.0 = Release|Any CPU
		{51454AF7-D1B2-4A4C-9B3C-07F4D1848EA0}.Debug|Any CPU.ActiveCfg = Debug|Any CPU
		{51454AF7-D1B2-4A4C-9B3C-07F4D1848EA0}.Debug|Any CPU.Build.0 = Debug|Any CPU
		{51454AF7-D1B2-4A4C-9B3C-07F4D1848EA0}.Release|Any CPU.ActiveCfg = Release|Any CPU
		{51454AF7-D1B2-4A4C-9B3C-07F4D1848EA0}.Release|Any CPU.Build.0 = Release|Any CPU
	EndGlobalSection
	GlobalSection(SolutionProperties) = preSolution
		HideSolutionNode = FALSE
	EndGlobalSection
	GlobalSection(ExtensibilityGlobals) = postSolution
		SolutionGuid = {A2203C32-39F0-442A-A55B-C0A0D362A121}
	EndGlobalSection
EndGlobal
